
Microsoft Visual Studio Solution File, Format Version 9.00
# Visual Studio 2005
Project("{8BC9CEB8-8B4A-11D0-8D11-00A0C91BC942}") = "NetManage", "NetManage\NetManage.vcproj", "{985E7E8F-7EF7-496F-A195-2CEF94F6772E}"
	ProjectSection(ProjectDependencies) = postProject
		{9EF08F33-3C79-42F9-A177-6343D1C7A5D2} = {9EF08F33-3C79-42F9-A177-6343D1C7A5D2}
		{FCD05FA0-7945-453F-8168-C11FDDE626EA} = {FCD05FA0-7945-453F-8168-C11FDDE626EA}
		{75F1DBAB-55B5-42AC-9689-97134D40506C} = {75F1DBAB-55B5-42AC-9689-97134D40506C}
	EndProjectSection
EndProject
Project("{8BC9CEB8-8B4A-11D0-8D11-00A0C91BC942}") = "Platform", "Platform\Platform\Platform.vcproj", "{FCD05FA0-7945-453F-8168-C11FDDE626EA}"
EndProject
Project("{8BC9CEB8-8B4A-11D0-8D11-00A0C91BC942}") = "Commonality", "Commonality\Commonality.vcproj", "{9EF08F33-3C79-42F9-A177-6343D1C7A5D2}"
EndProject
Project("{8BC9CEB8-8B4A-11D0-8D11-00A0C91BC942}") = "Communicate", "..\System\Communicate\Communicate.vcproj", "{75F1DBAB-55B5-42AC-9689-97134D40506C}"
	ProjectSection(ProjectDependencies) = postProject
		{9EF08F33-3C79-42F9-A177-6343D1C7A5D2} = {9EF08F33-3C79-42F9-A177-6343D1C7A5D2}
	EndProjectSection
EndProject
Project("{2150E333-8FDC-42A3-9474-1A3956D46DE8}") = "Communicate", "Communicate", "{26570F36-0A87-4F86-94CC-D995EC8614C4}"
EndProject
Project("{8BC9CEB8-8B4A-11D0-8D11-00A0C91BC942}") = "TestService", "..\System\Communicate\TestService\TestService.vcproj", "{7A0F3E1E-D55C-48B4-A5B4-FBDB8D36F346}"
	ProjectSection(ProjectDependencies) = postProject
		{9EF08F33-3C79-42F9-A177-6343D1C7A5D2} = {9EF08F33-3C79-42F9-A177-6343D1C7A5D2}
		{75F1DBAB-55B5-42AC-9689-97134D40506C} = {75F1DBAB-55B5-42AC-9689-97134D40506C}
	EndProjectSection
EndProject
Project("{8BC9CEB8-8B4A-11D0-8D11-00A0C91BC942}") = "TestClient", "..\System\Communicate\TestClient\TestClient.vcproj", "{F0C9AB8B-BC50-4B0D-A88B-73A50AE43542}"
	ProjectSection(ProjectDependencies) = postProject
		{9EF08F33-3C79-42F9-A177-6343D1C7A5D2} = {9EF08F33-3C79-42F9-A177-6343D1C7A5D2}
		{75F1DBAB-55B5-42AC-9689-97134D40506C} = {75F1DBAB-55B5-42AC-9689-97134D40506C}
	EndProjectSection
EndProject
Project("{2150E333-8FDC-42A3-9474-1A3956D46DE8}") = "Process", "Process", "{EB9BF37C-498F-4539-8E2C-9AF238AE2887}"
EndProject
Project("{8BC9CEB8-8B4A-11D0-8D11-00A0C91BC942}") = "BCGCBPro", "..\..\..\SourceCode\BCGCBPro\BCGCBPro80.vcproj", "{9DF443FB-9EC0-4511-9262-D9AE2C74F5DD}"
EndProject
Project("{2150E333-8FDC-42A3-9474-1A3956D46DE8}") = "View", "View", "{B1830C4D-ECFE-42DC-B16C-DEB6B2C33326}"
EndProject
Project("{8BC9CEB8-8B4A-11D0-8D11-00A0C91BC942}") = "NetManageView", "NetManageView\NetManageView.vcproj", "{F7682E9F-C8EB-4445-B595-3026DA9FE81F}"
	ProjectSection(ProjectDependencies) = postProject
		{A5F8863E-5DD3-401E-9C74-D44B0D387AA2} = {A5F8863E-5DD3-401E-9C74-D44B0D387AA2}
		{75F1DBAB-55B5-42AC-9689-97134D40506C} = {75F1DBAB-55B5-42AC-9689-97134D40506C}
		{9EF08F33-3C79-42F9-A177-6343D1C7A5D2} = {9EF08F33-3C79-42F9-A177-6343D1C7A5D2}
	EndProjectSection
EndProject
Project("{2150E333-8FDC-42A3-9474-1A3956D46DE8}") = "Plus", "Plus", "{95BC4A06-E872-4178-B5BA-A5D6C4437DE5}"
EndProject
Project("{2150E333-8FDC-42A3-9474-1A3956D46DE8}") = "SystemInfo", "SystemInfo", "{8831F006-C3F6-4B92-BE50-9F27C5171999}"
EndProject
Project("{2150E333-8FDC-42A3-9474-1A3956D46DE8}") = "TestDll", "TestDll", "{63553352-A69F-4277-93E6-4BCF51CB0DD8}"
EndProject
Project("{8BC9CEB8-8B4A-11D0-8D11-00A0C91BC942}") = "TestDll", "TestDll\TestDll.vcproj", "{C4849A50-9196-4D3E-BEC1-C0A4A4A48033}"
	ProjectSection(ProjectDependencies) = postProject
		{9EF08F33-3C79-42F9-A177-6343D1C7A5D2} = {9EF08F33-3C79-42F9-A177-6343D1C7A5D2}
		{75F1DBAB-55B5-42AC-9689-97134D40506C} = {75F1DBAB-55B5-42AC-9689-97134D40506C}
	EndProjectSection
EndProject
Project("{8BC9CEB8-8B4A-11D0-8D11-00A0C91BC942}") = "SystemInfo", "plus\SystemInfo\SystemInfo.vcproj", "{B3DEE111-BCBD-400F-AA5B-6635DCA1BBB9}"
	ProjectSection(ProjectDependencies) = postProject
		{9EF08F33-3C79-42F9-A177-6343D1C7A5D2} = {9EF08F33-3C79-42F9-A177-6343D1C7A5D2}
		{7A0EC452-31EF-4DB1-B0B5-0D92FA4C06D3} = {7A0EC452-31EF-4DB1-B0B5-0D92FA4C06D3}
	EndProjectSection
EndProject
Project("{8BC9CEB8-8B4A-11D0-8D11-00A0C91BC942}") = "WMI", "..\..\..\VisualStudioProjects\VC7\socmca\socmca\WMI\WMI.vcproj", "{7A0EC452-31EF-4DB1-B0B5-0D92FA4C06D3}"
	ProjectSection(ProjectDependencies) = postProject
		{9EF08F33-3C79-42F9-A177-6343D1C7A5D2} = {9EF08F33-3C79-42F9-A177-6343D1C7A5D2}
	EndProjectSection
EndProject
Project("{8BC9CEB8-8B4A-11D0-8D11-00A0C91BC942}") = "Process", "plus\Process\Process.vcproj", "{A5F8863E-5DD3-401E-9C74-D44B0D387AA2}"
	ProjectSection(ProjectDependencies) = postProject
		{9EF08F33-3C79-42F9-A177-6343D1C7A5D2} = {9EF08F33-3C79-42F9-A177-6343D1C7A5D2}
		{7A0EC452-31EF-4DB1-B0B5-0D92FA4C06D3} = {7A0EC452-31EF-4DB1-B0B5-0D92FA4C06D3}
	EndProjectSection
EndProject
Project("{8BC9CEB8-8B4A-11D0-8D11-00A0C91BC942}") = "TestProcess", "plus\Process\TestProcess\TestProcess.vcproj", "{AC608DEC-94AE-4E18-8011-F9ADAE964415}"
	ProjectSection(ProjectDependencies) = postProject
		{9EF08F33-3C79-42F9-A177-6343D1C7A5D2} = {9EF08F33-3C79-42F9-A177-6343D1C7A5D2}
		{A5F8863E-5DD3-401E-9C74-D44B0D387AA2} = {A5F8863E-5DD3-401E-9C74-D44B0D387AA2}
	EndProjectSection
EndProject
Project("{8BC9CEB8-8B4A-11D0-8D11-00A0C91BC942}") = "TestWMISystemInfo", "..\System\System\TestWMISystemInfo\TestWMISystemInfo.vcproj", "{188DE380-FBE6-4C2D-981A-C928BAC6E7C9}"
	ProjectSection(ProjectDependencies) = postProject
		{B3DEE111-BCBD-400F-AA5B-6635DCA1BBB9} = {B3DEE111-BCBD-400F-AA5B-6635DCA1BBB9}
	EndProjectSection
EndProject
Global
	GlobalSection(SolutionConfigurationPlatforms) = preSolution
		Debug|Win32 = Debug|Win32
		Release|Win32 = Release|Win32
		Unicode Debug|Win32 = Unicode Debug|Win32
		Unicode Release|Win32 = Unicode Release|Win32
	EndGlobalSection
	GlobalSection(ProjectConfigurationPlatforms) = postSolution
		{985E7E8F-7EF7-496F-A195-2CEF94F6772E}.Debug|Win32.ActiveCfg = Debug|Win32
		{985E7E8F-7EF7-496F-A195-2CEF94F6772E}.Debug|Win32.Build.0 = Debug|Win32
		{985E7E8F-7EF7-496F-A195-2CEF94F6772E}.Release|Win32.ActiveCfg = Release|Win32
		{985E7E8F-7EF7-496F-A195-2CEF94F6772E}.Release|Win32.Build.0 = Release|Win32
		{985E7E8F-7EF7-496F-A195-2CEF94F6772E}.Unicode Debug|Win32.ActiveCfg = Debug|Win32
		{985E7E8F-7EF7-496F-A195-2CEF94F6772E}.Unicode Debug|Win32.Build.0 = Debug|Win32
		{985E7E8F-7EF7-496F-A195-2CEF94F6772E}.Unicode Release|Win32.ActiveCfg = Release|Win32
		{985E7E8F-7EF7-496F-A195-2CEF94F6772E}.Unicode Release|Win32.Build.0 = Release|Win32
		{FCD05FA0-7945-453F-8168-C11FDDE626EA}.Debug|Win32.ActiveCfg = Debug|Win32
		{FCD05FA0-7945-453F-8168-C11FDDE626EA}.Debug|Win32.Build.0 = Debug|Win32
		{FCD05FA0-7945-453F-8168-C11FDDE626EA}.Release|Win32.ActiveCfg = Release|Win32
		{FCD05FA0-7945-453F-8168-C11FDDE626EA}.Release|Win32.Build.0 = Release|Win32
		{FCD05FA0-7945-453F-8168-C11FDDE626EA}.Unicode Debug|Win32.ActiveCfg = Debug|Win32
		{FCD05FA0-7945-453F-8168-C11FDDE626EA}.Unicode Debug|Win32.Build.0 = Debug|Win32
		{FCD05FA0-7945-453F-8168-C11FDDE626EA}.Unicode Release|Win32.ActiveCfg = Release|Win32
		{FCD05FA0-7945-453F-8168-C11FDDE626EA}.Unicode Release|Win32.Build.0 = Release|Win32
		{9EF08F33-3C79-42F9-A177-6343D1C7A5D2}.Debug|Win32.ActiveCfg = Debug|Win32
		{9EF08F33-3C79-42F9-A177-6343D1C7A5D2}.Debug|Win32.Build.0 = Debug|Win32
		{9EF08F33-3C79-42F9-A177-6343D1C7A5D2}.Release|Win32.ActiveCfg = Release|Win32
		{9EF08F33-3C79-42F9-A177-6343D1C7A5D2}.Release|Win32.Build.0 = Release|Win32
		{9EF08F33-3C79-42F9-A177-6343D1C7A5D2}.Unicode Debug|Win32.ActiveCfg = Debug|Win32
		{9EF08F33-3C79-42F9-A177-6343D1C7A5D2}.Unicode Debug|Win32.Build.0 = Debug|Win32
		{9EF08F33-3C79-42F9-A177-6343D1C7A5D2}.Unicode Release|Win32.ActiveCfg = Release|Win32
		{9EF08F33-3C79-42F9-A177-6343D1C7A5D2}.Unicode Release|Win32.Build.0 = Release|Win32
		{75F1DBAB-55B5-42AC-9689-97134D40506C}.Debug|Win32.ActiveCfg = Debug|Win32
		{75F1DBAB-55B5-42AC-9689-97134D40506C}.Debug|Win32.Build.0 = Debug|Win32
		{75F1DBAB-55B5-42AC-9689-97134D40506C}.Release|Win32.ActiveCfg = Release|Win32
		{75F1DBAB-55B5-42AC-9689-97134D40506C}.Release|Win32.Build.0 = Release|Win32
		{75F1DBAB-55B5-42AC-9689-97134D40506C}.Unicode Debug|Win32.ActiveCfg = Debug|Win32
		{75F1DBAB-55B5-42AC-9689-97134D40506C}.Unicode Debug|Win32.Build.0 = Debug|Win32
		{75F1DBAB-55B5-42AC-9689-97134D40506C}.Unicode Release|Win32.ActiveCfg = Release|Win32
		{75F1DBAB-55B5-42AC-9689-97134D40506C}.Unicode Release|Win32.Build.0 = Release|Win32
		{7A0F3E1E-D55C-48B4-A5B4-FBDB8D36F346}.Debug|Win32.ActiveCfg = Debug|Win32
		{7A0F3E1E-D55C-48B4-A5B4-FBDB8D36F346}.Debug|Win32.Build.0 = Debug|Win32
		{7A0F3E1E-D55C-48B4-A5B4-FBDB8D36F346}.Release|Win32.ActiveCfg = Release|Win32
		{7A0F3E1E-D55C-48B4-A5B4-FBDB8D36F346}.Release|Win32.Build.0 = Release|Win32
		{7A0F3E1E-D55C-48B4-A5B4-FBDB8D36F346}.Unicode Debug|Win32.ActiveCfg = Debug|Win32
		{7A0F3E1E-D55C-48B4-A5B4-FBDB8D36F346}.Unicode Debug|Win32.Build.0 = Debug|Win32
		{7A0F3E1E-D55C-48B4-A5B4-FBDB8D36F346}.Unicode Release|Win32.ActiveCfg = Release|Win32
		{7A0F3E1E-D55C-48B4-A5B4-FBDB8D36F346}.Unicode Release|Win32.Build.0 = Release|Win32
		{F0C9AB8B-BC50-4B0D-A88B-73A50AE43542}.Debug|Win32.ActiveCfg = Debug|Win32
		{F0C9AB8B-BC50-4B0D-A88B-73A50AE43542}.Debug|Win32.Build.0 = Debug|Win32
		{F0C9AB8B-BC50-4B0D-A88B-73A50AE43542}.Release|Win32.ActiveCfg = Release|Win32
		{F0C9AB8B-BC50-4B0D-A88B-73A50AE43542}.Release|Win32.Build.0 = Release|Win32
		{F0C9AB8B-BC50-4B0D-A88B-73A50AE43542}.Unicode Debug|Win32.ActiveCfg = Debug|Win32
		{F0C9AB8B-BC50-4B0D-A88B-73A50AE43542}.Unicode Debug|Win32.Build.0 = Debug|Win32
		{F0C9AB8B-BC50-4B0D-A88B-73A50AE43542}.Unicode Release|Win32.ActiveCfg = Release|Win32
		{F0C9AB8B-BC50-4B0D-A88B-73A50AE43542}.Unicode Release|Win32.Build.0 = Release|Win32
		{9DF443FB-9EC0-4511-9262-D9AE2C74F5DD}.Debug|Win32.ActiveCfg = Debug|Win32
		{9DF443FB-9EC0-4511-9262-D9AE2C74F5DD}.Release|Win32.ActiveCfg = Release|Win32
		{9DF443FB-9EC0-4511-9262-D9AE2C74F5DD}.Unicode Debug|Win32.ActiveCfg = Unicode Debug|Win32
		{9DF443FB-9EC0-4511-9262-D9AE2C74F5DD}.Unicode Debug|Win32.Build.0 = Unicode Debug|Win32
		{9DF443FB-9EC0-4511-9262-D9AE2C74F5DD}.Unicode Release|Win32.ActiveCfg = Unicode Release|Win32
		{9DF443FB-9EC0-4511-9262-D9AE2C74F5DD}.Unicode Release|Win32.Build.0 = Unicode Release|Win32
		{F7682E9F-C8EB-4445-B595-3026DA9FE81F}.Debug|Win32.ActiveCfg = Debug|Win32
		{F7682E9F-C8EB-4445-B595-3026DA9FE81F}.Debug|Win32.Build.0 = Debug|Win32
		{F7682E9F-C8EB-4445-B595-3026DA9FE81F}.Release|Win32.ActiveCfg = Release|Win32
		{F7682E9F-C8EB-4445-B595-3026DA9FE81F}.Release|Win32.Build.0 = Release|Win32
		{F7682E9F-C8EB-4445-B595-3026DA9FE81F}.Unicode Debug|Win32.ActiveCfg = Debug|Win32
		{F7682E9F-C8EB-4445-B595-3026DA9FE81F}.Unicode Debug|Win32.Build.0 = Debug|Win32
		{F7682E9F-C8EB-4445-B595-3026DA9FE81F}.Unicode Release|Win32.ActiveCfg = Release|Win32
		{F7682E9F-C8EB-4445-B595-3026DA9FE81F}.Unicode Release|Win32.Build.0 = Release|Win32
		{C4849A50-9196-4D3E-BEC1-C0A4A4A48033}.Debug|Win32.ActiveCfg = Debug|Win32
		{C4849A50-9196-4D3E-BEC1-C0A4A4A48033}.Debug|Win32.Build.0 = Debug|Win32
		{C4849A50-9196-4D3E-BEC1-C0A4A4A48033}.Release|Win32.ActiveCfg = Release|Win32
		{C4849A50-9196-4D3E-BEC1-C0A4A4A48033}.Release|Win32.Build.0 = Release|Win32
		{C4849A50-9196-4D3E-BEC1-C0A4A4A48033}.Unicode Debug|Win32.ActiveCfg = Debug|Win32
		{C4849A50-9196-4D3E-BEC1-C0A4A4A48033}.Unicode Debug|Win32.Build.0 = Debug|Win32
		{C4849A50-9196-4D3E-BEC1-C0A4A4A48033}.Unicode Release|Win32.ActiveCfg = Release|Win32
		{C4849A50-9196-4D3E-BEC1-C0A4A4A48033}.Unicode Release|Win32.Build.0 = Release|Win32
		{B3DEE111-BCBD-400F-AA5B-6635DCA1BBB9}.Debug|Win32.ActiveCfg = Debug|Win32
		{B3DEE111-BCBD-400F-AA5B-6635DCA1BBB9}.Debug|Win32.Build.0 = Debug|Win32
		{B3DEE111-BCBD-400F-AA5B-6635DCA1BBB9}.Release|Win32.ActiveCfg = Release|Win32
		{B3DEE111-BCBD-400F-AA5B-6635DCA1BBB9}.Release|Win32.Build.0 = Release|Win32
		{B3DEE111-BCBD-400F-AA5B-6635DCA1BBB9}.Unicode Debug|Win32.ActiveCfg = Debug|Win32
		{B3DEE111-BCBD-400F-AA5B-6635DCA1BBB9}.Unicode Debug|Win32.Build.0 = Debug|Win32
		{B3DEE111-BCBD-400F-AA5B-6635DCA1BBB9}.Unicode Release|Win32.ActiveCfg = Release|Win32
		{B3DEE111-BCBD-400F-AA5B-6635DCA1BBB9}.Unicode Release|Win32.Build.0 = Release|Win32
		{7A0EC452-31EF-4DB1-B0B5-0D92FA4C06D3}.Debug|Win32.ActiveCfg = Debug|Win32
		{7A0EC452-31EF-4DB1-B0B5-0D92FA4C06D3}.Debug|Win32.Build.0 = Debug|Win32
		{7A0EC452-31EF-4DB1-B0B5-0D92FA4C06D3}.Release|Win32.ActiveCfg = Release|Win32
		{7A0EC452-31EF-4DB1-B0B5-0D92FA4C06D3}.Release|Win32.Build.0 = Release|Win32
		{7A0EC452-31EF-4DB1-B0B5-0D92FA4C06D3}.Unicode Debug|Win32.ActiveCfg = Debug|Win32
		{7A0EC452-31EF-4DB1-B0B5-0D92FA4C06D3}.Unicode Debug|Win32.Build.0 = Debug|Win32
		{7A0EC452-31EF-4DB1-B0B5-0D92FA4C06D3}.Unicode Release|Win32.ActiveCfg = Release|Win32
		{7A0EC452-31EF-4DB1-B0B5-0D92FA4C06D3}.Unicode Release|Win32.Build.0 = Release|Win32
		{A5F8863E-5DD3-401E-9C74-D44B0D387AA2}.Debug|Win32.ActiveCfg = Debug|Win32
		{A5F8863E-5DD3-401E-9C74-D44B0D387AA2}.Debug|Win32.Build.0 = Debug|Win32
		{A5F8863E-5DD3-401E-9C74-D44B0D387AA2}.Release|Win32.ActiveCfg = Release|Win32
		{A5F8863E-5DD3-401E-9C74-D44B0D387AA2}.Release|Win32.Build.0 = Release|Win32
		{A5F8863E-5DD3-401E-9C74-D44B0D387AA2}.Unicode Debug|Win32.ActiveCfg = Debug|Win32
		{A5F8863E-5DD3-401E-9C74-D44B0D387AA2}.Unicode Debug|Win32.Build.0 = Debug|Win32
		{A5F8863E-5DD3-401E-9C74-D44B0D387AA2}.Unicode Release|Win32.ActiveCfg = Release|Win32
		{A5F8863E-5DD3-401E-9C74-D44B0D387AA2}.Unicode Release|Win32.Build.0 = Release|Win32
		{AC608DEC-94AE-4E18-8011-F9ADAE964415}.Debug|Win32.ActiveCfg = Debug|Win32
		{AC608DEC-94AE-4E18-8011-F9ADAE964415}.Debug|Win32.Build.0 = Debug|Win32
		{AC608DEC-94AE-4E18-8011-F9ADAE964415}.Release|Win32.ActiveCfg = Release|Win32
		{AC608DEC-94AE-4E18-8011-F9ADAE964415}.Release|Win32.Build.0 = Release|Win32
		{AC608DEC-94AE-4E18-8011-F9ADAE964415}.Unicode Debug|Win32.ActiveCfg = Debug|Win32
		{AC608DEC-94AE-4E18-8011-F9ADAE964415}.Unicode Debug|Win32.Build.0 = Debug|Win32
		{AC608DEC-94AE-4E18-8011-F9ADAE964415}.Unicode Release|Win32.ActiveCfg = Release|Win32
		{AC608DEC-94AE-4E18-8011-F9ADAE964415}.Unicode Release|Win32.Build.0 = Release|Win32
		{188DE380-FBE6-4C2D-981A-C928BAC6E7C9}.Debug|Win32.ActiveCfg = Debug|Win32
		{188DE380-FBE6-4C2D-981A-C928BAC6E7C9}.Debug|Win32.Build.0 = Debug|Win32
		{188DE380-FBE6-4C2D-981A-C928BAC6E7C9}.Release|Win32.ActiveCfg = Release|Win32
		{188DE380-FBE6-4C2D-981A-C928BAC6E7C9}.Release|Win32.Build.0 = Release|Win32
		{188DE380-FBE6-4C2D-981A-C928BAC6E7C9}.Unicode Debug|Win32.ActiveCfg = Debug|Win32
		{188DE380-FBE6-4C2D-981A-C928BAC6E7C9}.Unicode Debug|Win32.Build.0 = Debug|Win32
		{188DE380-FBE6-4C2D-981A-C928BAC6E7C9}.Unicode Release|Win32.ActiveCfg = Release|Win32
		{188DE380-FBE6-4C2D-981A-C928BAC6E7C9}.Unicode Release|Win32.Build.0 = Release|Win32
	EndGlobalSection
	GlobalSection(SolutionProperties) = preSolution
		HideSolutionNode = FALSE
	EndGlobalSection
	GlobalSection(NestedProjects) = preSolution
		{75F1DBAB-55B5-42AC-9689-97134D40506C} = {26570F36-0A87-4F86-94CC-D995EC8614C4}
		{7A0F3E1E-D55C-48B4-A5B4-FBDB8D36F346} = {26570F36-0A87-4F86-94CC-D995EC8614C4}
		{F0C9AB8B-BC50-4B0D-A88B-73A50AE43542} = {26570F36-0A87-4F86-94CC-D995EC8614C4}
		{EB9BF37C-498F-4539-8E2C-9AF238AE2887} = {95BC4A06-E872-4178-B5BA-A5D6C4437DE5}
		{8831F006-C3F6-4B92-BE50-9F27C5171999} = {95BC4A06-E872-4178-B5BA-A5D6C4437DE5}
		{63553352-A69F-4277-93E6-4BCF51CB0DD8} = {95BC4A06-E872-4178-B5BA-A5D6C4437DE5}
		{9DF443FB-9EC0-4511-9262-D9AE2C74F5DD} = {B1830C4D-ECFE-42DC-B16C-DEB6B2C33326}
		{F7682E9F-C8EB-4445-B595-3026DA9FE81F} = {B1830C4D-ECFE-42DC-B16C-DEB6B2C33326}
		{A5F8863E-5DD3-401E-9C74-D44B0D387AA2} = {EB9BF37C-498F-4539-8E2C-9AF238AE2887}
		{AC608DEC-94AE-4E18-8011-F9ADAE964415} = {EB9BF37C-498F-4539-8E2C-9AF238AE2887}
		{B3DEE111-BCBD-400F-AA5B-6635DCA1BBB9} = {8831F006-C3F6-4B92-BE50-9F27C5171999}
		{7A0EC452-31EF-4DB1-B0B5-0D92FA4C06D3} = {8831F006-C3F6-4B92-BE50-9F27C5171999}
		{188DE380-FBE6-4C2D-981A-C928BAC6E7C9} = {8831F006-C3F6-4B92-BE50-9F27C5171999}
		{C4849A50-9196-4D3E-BEC1-C0A4A4A48033} = {63553352-A69F-4277-93E6-4BCF51CB0DD8}
	EndGlobalSection
EndGlobal
