
Microsoft Visual Studio Solution File, Format Version 9.00
# Visual Studio 2005
Project("{8BC9CEB8-8B4A-11D0-8D11-00A0C91BC942}") = "Virus", "Virus\Virus.vcproj", "{BBD6CBE4-148B-43B0-BD13-F729CA481065}"
	ProjectSection(ProjectDependencies) = postProject
		{5FE8F256-53B1-42E4-9064-9D9BC3556E5B} = {5FE8F256-53B1-42E4-9064-9D9BC3556E5B}
		{A00C7A8E-B8E8-4033-A23A-8594C51570C0} = {A00C7A8E-B8E8-4033-A23A-8594C51570C0}
	EndProjectSection
EndProject
Project("{8BC9CEB8-8B4A-11D0-8D11-00A0C91BC942}") = "VirusDll", "VirusDll\VirusDll.vcproj", "{FADF9156-11A4-492D-B574-E04B649AF6A3}"
EndProject
Project("{8BC9CEB8-8B4A-11D0-8D11-00A0C91BC942}") = "VirusTest", "Test\Test.vcproj", "{7B95E0A9-9E12-4E1A-A7A8-738A49126C19}"
	ProjectSection(ProjectDependencies) = postProject
		{FADF9156-11A4-492D-B574-E04B649AF6A3} = {FADF9156-11A4-492D-B574-E04B649AF6A3}
	EndProjectSection
EndProject
Project("{8BC9CEB8-8B4A-11D0-8D11-00A0C91BC942}") = "ProcessViewer", "..\System\Process\ProcessViewer\ProcessViewer.vcproj", "{9F653EBB-404C-46B1-8743-A58EDA36722C}"
EndProject
Project("{8BC9CEB8-8B4A-11D0-8D11-00A0C91BC942}") = "FilterControl", "..\Driver\FilterSys\FilterControl\RegisterFilterControl.vcproj", "{5FE8F256-53B1-42E4-9064-9D9BC3556E5B}"
EndProject
Project("{2150E333-8FDC-42A3-9474-1A3956D46DE8}") = "Drivers", "Drivers", "{0174FFF9-C755-41D3-A2A6-3C6CAFD12DAB}"
EndProject
Project("{8BC9CEB8-8B4A-11D0-8D11-00A0C91BC942}") = "FilterSys", "..\Driver\FilterSys\FilterSys\FilterSys.vcproj", "{E55891B0-D40C-4B70-A15B-12F6D09DE589}"
EndProject
Project("{2150E333-8FDC-42A3-9474-1A3956D46DE8}") = "FilterSys", "FilterSys", "{0DC1AF44-B5EB-40F3-B869-A626AA20E879}"
EndProject
Project("{2150E333-8FDC-42A3-9474-1A3956D46DE8}") = "KSFilter", "KSFilter", "{ACFA489D-EBE9-4A1E-A85E-CEB05C54F37F}"
EndProject
Project("{8BC9CEB8-8B4A-11D0-8D11-00A0C91BC942}") = "KSFilterControl", "..\Driver\ksfilter\KSFilterControl\KSFilterControl.vcproj", "{A00C7A8E-B8E8-4033-A23A-8594C51570C0}"
EndProject
Project("{8BC9CEB8-8B4A-11D0-8D11-00A0C91BC942}") = "ksfilter", "..\Driver\ksfilter\ksfilter\ksfilter.vcproj", "{6CC23225-449C-403B-A433-75D0DC6EF5D9}"
EndProject
Project("{8BC9CEB8-8B4A-11D0-8D11-00A0C91BC942}") = "KSFilterTest", "..\Driver\ksfilter\test\test.vcproj", "{92B3318C-267F-42FE-A16F-6B99C35D2E98}"
	ProjectSection(ProjectDependencies) = postProject
		{A00C7A8E-B8E8-4033-A23A-8594C51570C0} = {A00C7A8E-B8E8-4033-A23A-8594C51570C0}
	EndProjectSection
EndProject
Project("{8BC9CEB8-8B4A-11D0-8D11-00A0C91BC942}") = "FilterSysTest", "..\Driver\FilterSys\Test\Test.vcproj", "{B49E2EFD-E8A0-4FC6-8B88-2B51756673BA}"
	ProjectSection(ProjectDependencies) = postProject
		{5FE8F256-53B1-42E4-9064-9D9BC3556E5B} = {5FE8F256-53B1-42E4-9064-9D9BC3556E5B}
	EndProjectSection
EndProject
Project("{54435603-DBB4-11D2-8724-00A0C9A8B90C}") = "Setup", "Setup\Setup.vdproj", "{D96000A2-682B-4026-8271-E4E95B1440FC}"
EndProject
Global
	GlobalSection(SolutionConfigurationPlatforms) = preSolution
		Checked|Win32 = Checked|Win32
		Debug|Win32 = Debug|Win32
		Free|Win32 = Free|Win32
		Release|Win32 = Release|Win32
	EndGlobalSection
	GlobalSection(ProjectConfigurationPlatforms) = postSolution
		{BBD6CBE4-148B-43B0-BD13-F729CA481065}.Checked|Win32.ActiveCfg = Release|Win32
		{BBD6CBE4-148B-43B0-BD13-F729CA481065}.Checked|Win32.Build.0 = Release|Win32
		{BBD6CBE4-148B-43B0-BD13-F729CA481065}.Debug|Win32.ActiveCfg = Debug|Win32
		{BBD6CBE4-148B-43B0-BD13-F729CA481065}.Debug|Win32.Build.0 = Debug|Win32
		{BBD6CBE4-148B-43B0-BD13-F729CA481065}.Free|Win32.ActiveCfg = Release|Win32
		{BBD6CBE4-148B-43B0-BD13-F729CA481065}.Free|Win32.Build.0 = Release|Win32
		{BBD6CBE4-148B-43B0-BD13-F729CA481065}.Release|Win32.ActiveCfg = Release|Win32
		{BBD6CBE4-148B-43B0-BD13-F729CA481065}.Release|Win32.Build.0 = Release|Win32
		{FADF9156-11A4-492D-B574-E04B649AF6A3}.Checked|Win32.ActiveCfg = Release|Win32
		{FADF9156-11A4-492D-B574-E04B649AF6A3}.Checked|Win32.Build.0 = Release|Win32
		{FADF9156-11A4-492D-B574-E04B649AF6A3}.Debug|Win32.ActiveCfg = Debug|Win32
		{FADF9156-11A4-492D-B574-E04B649AF6A3}.Debug|Win32.Build.0 = Debug|Win32
		{FADF9156-11A4-492D-B574-E04B649AF6A3}.Free|Win32.ActiveCfg = Release|Win32
		{FADF9156-11A4-492D-B574-E04B649AF6A3}.Free|Win32.Build.0 = Release|Win32
		{FADF9156-11A4-492D-B574-E04B649AF6A3}.Release|Win32.ActiveCfg = Release|Win32
		{FADF9156-11A4-492D-B574-E04B649AF6A3}.Release|Win32.Build.0 = Release|Win32
		{7B95E0A9-9E12-4E1A-A7A8-738A49126C19}.Checked|Win32.ActiveCfg = Release|Win32
		{7B95E0A9-9E12-4E1A-A7A8-738A49126C19}.Checked|Win32.Build.0 = Release|Win32
		{7B95E0A9-9E12-4E1A-A7A8-738A49126C19}.Debug|Win32.ActiveCfg = Debug|Win32
		{7B95E0A9-9E12-4E1A-A7A8-738A49126C19}.Debug|Win32.Build.0 = Debug|Win32
		{7B95E0A9-9E12-4E1A-A7A8-738A49126C19}.Free|Win32.ActiveCfg = Release|Win32
		{7B95E0A9-9E12-4E1A-A7A8-738A49126C19}.Free|Win32.Build.0 = Release|Win32
		{7B95E0A9-9E12-4E1A-A7A8-738A49126C19}.Release|Win32.ActiveCfg = Release|Win32
		{7B95E0A9-9E12-4E1A-A7A8-738A49126C19}.Release|Win32.Build.0 = Release|Win32
		{9F653EBB-404C-46B1-8743-A58EDA36722C}.Checked|Win32.ActiveCfg = Release|Win32
		{9F653EBB-404C-46B1-8743-A58EDA36722C}.Checked|Win32.Build.0 = Release|Win32
		{9F653EBB-404C-46B1-8743-A58EDA36722C}.Debug|Win32.ActiveCfg = Debug|Win32
		{9F653EBB-404C-46B1-8743-A58EDA36722C}.Debug|Win32.Build.0 = Debug|Win32
		{9F653EBB-404C-46B1-8743-A58EDA36722C}.Free|Win32.ActiveCfg = Release|Win32
		{9F653EBB-404C-46B1-8743-A58EDA36722C}.Free|Win32.Build.0 = Release|Win32
		{9F653EBB-404C-46B1-8743-A58EDA36722C}.Release|Win32.ActiveCfg = Release|Win32
		{9F653EBB-404C-46B1-8743-A58EDA36722C}.Release|Win32.Build.0 = Release|Win32
		{5FE8F256-53B1-42E4-9064-9D9BC3556E5B}.Checked|Win32.ActiveCfg = Release|Win32
		{5FE8F256-53B1-42E4-9064-9D9BC3556E5B}.Checked|Win32.Build.0 = Release|Win32
		{5FE8F256-53B1-42E4-9064-9D9BC3556E5B}.Debug|Win32.ActiveCfg = Debug|Win32
		{5FE8F256-53B1-42E4-9064-9D9BC3556E5B}.Debug|Win32.Build.0 = Debug|Win32
		{5FE8F256-53B1-42E4-9064-9D9BC3556E5B}.Free|Win32.ActiveCfg = Release|Win32
		{5FE8F256-53B1-42E4-9064-9D9BC3556E5B}.Free|Win32.Build.0 = Release|Win32
		{5FE8F256-53B1-42E4-9064-9D9BC3556E5B}.Release|Win32.ActiveCfg = Release|Win32
		{5FE8F256-53B1-42E4-9064-9D9BC3556E5B}.Release|Win32.Build.0 = Release|Win32
		{E55891B0-D40C-4B70-A15B-12F6D09DE589}.Checked|Win32.ActiveCfg = Release|Win32
		{E55891B0-D40C-4B70-A15B-12F6D09DE589}.Checked|Win32.Build.0 = Release|Win32
		{E55891B0-D40C-4B70-A15B-12F6D09DE589}.Debug|Win32.ActiveCfg = Debug|Win32
		{E55891B0-D40C-4B70-A15B-12F6D09DE589}.Free|Win32.ActiveCfg = Release|Win32
		{E55891B0-D40C-4B70-A15B-12F6D09DE589}.Free|Win32.Build.0 = Release|Win32
		{E55891B0-D40C-4B70-A15B-12F6D09DE589}.Release|Win32.ActiveCfg = Release|Win32
		{A00C7A8E-B8E8-4033-A23A-8594C51570C0}.Checked|Win32.ActiveCfg = Release|Win32
		{A00C7A8E-B8E8-4033-A23A-8594C51570C0}.Checked|Win32.Build.0 = Release|Win32
		{A00C7A8E-B8E8-4033-A23A-8594C51570C0}.Debug|Win32.ActiveCfg = Debug|Win32
		{A00C7A8E-B8E8-4033-A23A-8594C51570C0}.Debug|Win32.Build.0 = Debug|Win32
		{A00C7A8E-B8E8-4033-A23A-8594C51570C0}.Free|Win32.ActiveCfg = Release|Win32
		{A00C7A8E-B8E8-4033-A23A-8594C51570C0}.Free|Win32.Build.0 = Release|Win32
		{A00C7A8E-B8E8-4033-A23A-8594C51570C0}.Release|Win32.ActiveCfg = Release|Win32
		{A00C7A8E-B8E8-4033-A23A-8594C51570C0}.Release|Win32.Build.0 = Release|Win32
		{6CC23225-449C-403B-A433-75D0DC6EF5D9}.Checked|Win32.ActiveCfg = Checked|Win32
		{6CC23225-449C-403B-A433-75D0DC6EF5D9}.Checked|Win32.Build.0 = Checked|Win32
		{6CC23225-449C-403B-A433-75D0DC6EF5D9}.Debug|Win32.ActiveCfg = Free|Win32
		{6CC23225-449C-403B-A433-75D0DC6EF5D9}.Free|Win32.ActiveCfg = Free|Win32
		{6CC23225-449C-403B-A433-75D0DC6EF5D9}.Free|Win32.Build.0 = Free|Win32
		{6CC23225-449C-403B-A433-75D0DC6EF5D9}.Release|Win32.ActiveCfg = Free|Win32
		{92B3318C-267F-42FE-A16F-6B99C35D2E98}.Checked|Win32.ActiveCfg = cHECKED|Win32
		{92B3318C-267F-42FE-A16F-6B99C35D2E98}.Checked|Win32.Build.0 = cHECKED|Win32
		{92B3318C-267F-42FE-A16F-6B99C35D2E98}.Debug|Win32.ActiveCfg = Debug|Win32
		{92B3318C-267F-42FE-A16F-6B99C35D2E98}.Free|Win32.ActiveCfg = cHECKED|Win32
		{92B3318C-267F-42FE-A16F-6B99C35D2E98}.Free|Win32.Build.0 = cHECKED|Win32
		{92B3318C-267F-42FE-A16F-6B99C35D2E98}.Release|Win32.ActiveCfg = Release|Win32
		{92B3318C-267F-42FE-A16F-6B99C35D2E98}.Release|Win32.Build.0 = Release|Win32
		{B49E2EFD-E8A0-4FC6-8B88-2B51756673BA}.Checked|Win32.ActiveCfg = Release|Win32
		{B49E2EFD-E8A0-4FC6-8B88-2B51756673BA}.Checked|Win32.Build.0 = Release|Win32
		{B49E2EFD-E8A0-4FC6-8B88-2B51756673BA}.Debug|Win32.ActiveCfg = Debug|Win32
		{B49E2EFD-E8A0-4FC6-8B88-2B51756673BA}.Free|Win32.ActiveCfg = Release|Win32
		{B49E2EFD-E8A0-4FC6-8B88-2B51756673BA}.Free|Win32.Build.0 = Release|Win32
		{B49E2EFD-E8A0-4FC6-8B88-2B51756673BA}.Release|Win32.ActiveCfg = Release|Win32
		{B49E2EFD-E8A0-4FC6-8B88-2B51756673BA}.Release|Win32.Build.0 = Release|Win32
		{D96000A2-682B-4026-8271-E4E95B1440FC}.Checked|Win32.ActiveCfg = Release
		{D96000A2-682B-4026-8271-E4E95B1440FC}.Debug|Win32.ActiveCfg = Debug
		{D96000A2-682B-4026-8271-E4E95B1440FC}.Free|Win32.ActiveCfg = Release
		{D96000A2-682B-4026-8271-E4E95B1440FC}.Release|Win32.ActiveCfg = Release
	EndGlobalSection
	GlobalSection(SolutionProperties) = preSolution
		HideSolutionNode = FALSE
	EndGlobalSection
	GlobalSection(NestedProjects) = preSolution
		{0DC1AF44-B5EB-40F3-B869-A626AA20E879} = {0174FFF9-C755-41D3-A2A6-3C6CAFD12DAB}
		{ACFA489D-EBE9-4A1E-A85E-CEB05C54F37F} = {0174FFF9-C755-41D3-A2A6-3C6CAFD12DAB}
		{E55891B0-D40C-4B70-A15B-12F6D09DE589} = {0DC1AF44-B5EB-40F3-B869-A626AA20E879}
		{5FE8F256-53B1-42E4-9064-9D9BC3556E5B} = {0DC1AF44-B5EB-40F3-B869-A626AA20E879}
		{B49E2EFD-E8A0-4FC6-8B88-2B51756673BA} = {0DC1AF44-B5EB-40F3-B869-A626AA20E879}
		{A00C7A8E-B8E8-4033-A23A-8594C51570C0} = {ACFA489D-EBE9-4A1E-A85E-CEB05C54F37F}
		{6CC23225-449C-403B-A433-75D0DC6EF5D9} = {ACFA489D-EBE9-4A1E-A85E-CEB05C54F37F}
		{92B3318C-267F-42FE-A16F-6B99C35D2E98} = {ACFA489D-EBE9-4A1E-A85E-CEB05C54F37F}
	EndGlobalSection
EndGlobal
