Microsoft Visual Studio Solution File, Format Version 9.00
# Visual Studio 2005
Project("{8BC9CEB8-8B4A-11D0-8D11-00A0C91BC942}") = "TEI6608S", "TEI6608S.vcproj", "{E2DA6D51-BA3C-4ED5-8A06-D147C0AC0BEB}"
EndProject
Project("{54435603-DBB4-11D2-8724-00A0C9A8B90C}") = "Setup", "Setup\Setup.vdproj", "{08189D1D-657F-41D1-B783-93A9665A7E7E}"
EndProject
Global
	GlobalSection(SolutionConfigurationPlatforms) = preSolution
		Debug|Win32 = Debug|Win32
		Release|Win32 = Release|Win32
	EndGlobalSection
	GlobalSection(ProjectConfigurationPlatforms) = postSolution
		{E2DA6D51-BA3C-4ED5-8A06-D147C0AC0BEB}.Debug|Win32.ActiveCfg = Debug|Win32
		{E2DA6D51-BA3C-4ED5-8A06-D147C0AC0BEB}.Debug|Win32.Build.0 = Debug|Win32
		{E2DA6D51-BA3C-4ED5-8A06-D147C0AC0BEB}.Release|Win32.ActiveCfg = Release|Win32
		{E2DA6D51-BA3C-4ED5-8A06-D147C0AC0BEB}.Release|Win32.Build.0 = Release|Win32
		{08189D1D-657F-41D1-B783-93A9665A7E7E}.Debug|Win32.ActiveCfg = Debug
		{08189D1D-657F-41D1-B783-93A9665A7E7E}.Release|Win32.ActiveCfg = Release
	EndGlobalSection
	GlobalSection(SolutionProperties) = preSolution
		HideSolutionNode = FALSE
	EndGlobalSection
EndGlobal
