
Microsoft Visual Studio Solution File, Format Version 9.00
# Visual Studio 2005
Project("{8BC9CEB8-8B4A-11D0-8D11-00A0C91BC942}") = "FilterSys", "FilterSys\FilterSys.vcproj", "{E55891B0-D40C-4B70-A15B-12F6D09DE589}"
EndProject
Project("{8BC9CEB8-8B4A-11D0-8D11-00A0C91BC942}") = "Test", "Test\Test.vcproj", "{B49E2EFD-E8A0-4FC6-8B88-2B51756673BA}"
	ProjectSection(ProjectDependencies) = postProject
		{5FE8F256-53B1-42E4-9064-9D9BC3556E5B} = {5FE8F256-53B1-42E4-9064-9D9BC3556E5B}
	EndProjectSection
EndProject
Project("{8BC9CEB8-8B4A-11D0-8D11-00A0C91BC942}") = "FilterControl", "FilterControl\RegisterFilterControl.vcproj", "{5FE8F256-53B1-42E4-9064-9D9BC3556E5B}"
EndProject
Global
	GlobalSection(SolutionConfigurationPlatforms) = preSolution
		Debug|Win32 = Debug|Win32
		Release|Win32 = Release|Win32
	EndGlobalSection
	GlobalSection(ProjectConfigurationPlatforms) = postSolution
		{E55891B0-D40C-4B70-A15B-12F6D09DE589}.Debug|Win32.ActiveCfg = Debug|Win32
		{E55891B0-D40C-4B70-A15B-12F6D09DE589}.Release|Win32.ActiveCfg = Release|Win32
		{E55891B0-D40C-4B70-A15B-12F6D09DE589}.Release|Win32.Build.0 = Release|Win32
		{B49E2EFD-E8A0-4FC6-8B88-2B51756673BA}.Debug|Win32.ActiveCfg = Debug|Win32
		{B49E2EFD-E8A0-4FC6-8B88-2B51756673BA}.Debug|Win32.Build.0 = Debug|Win32
		{B49E2EFD-E8A0-4FC6-8B88-2B51756673BA}.Release|Win32.ActiveCfg = Release|Win32
		{B49E2EFD-E8A0-4FC6-8B88-2B51756673BA}.Release|Win32.Build.0 = Release|Win32
		{5FE8F256-53B1-42E4-9064-9D9BC3556E5B}.Debug|Win32.ActiveCfg = Debug|Win32
		{5FE8F256-53B1-42E4-9064-9D9BC3556E5B}.Debug|Win32.Build.0 = Debug|Win32
		{5FE8F256-53B1-42E4-9064-9D9BC3556E5B}.Release|Win32.ActiveCfg = Release|Win32
		{5FE8F256-53B1-42E4-9064-9D9BC3556E5B}.Release|Win32.Build.0 = Release|Win32
	EndGlobalSection
	GlobalSection(SolutionProperties) = preSolution
		HideSolutionNode = FALSE
	EndGlobalSection
EndGlobal
