Microsoft Visual Studio Solution File, Format Version 9.00
# Visual Studio 2005
Project("{8BC9CEB8-8B4A-11D0-8D11-00A0C91BC942}") = "中国象棋", "中国象棋.vcproj", "{FA4B2E59-5BE0-4449-B721-1EB5DF49D2AF}"
	ProjectSection(ProjectDependencies) = postProject
		{8705DE5B-4945-4024-91ED-40D9683C29CD} = {8705DE5B-4945-4024-91ED-40D9683C29CD}
		{7FCA6188-C7C6-479A-A8CD-EE1AE1BA7AF8} = {7FCA6188-C7C6-479A-A8CD-EE1AE1BA7AF8}
		{6F42CBBA-80E6-4C64-80EB-7B2779FB093C} = {6F42CBBA-80E6-4C64-80EB-7B2779FB093C}
	EndProjectSection
EndProject
Project("{8BC9CEB8-8B4A-11D0-8D11-00A0C91BC942}") = "中国象棋服务器", "中国象棋服务器\中国象棋服务器.vcproj", "{C9A79660-3790-463B-9EEE-305F2838605A}"
EndProject
Project("{8BC9CEB8-8B4A-11D0-8D11-00A0C91BC942}") = "中国象棋控件", "..\中国象棋控件\中国象棋控件.vcproj", "{7FCA6188-C7C6-479A-A8CD-EE1AE1BA7AF8}"
EndProject
Project("{8BC9CEB8-8B4A-11D0-8D11-00A0C91BC942}") = "DisplayVideo", "..\AV\DisplayVideo\DisplayVideo.vcproj", "{8705DE5B-4945-4024-91ED-40D9683C29CD}"
EndProject
Project("{8BC9CEB8-8B4A-11D0-8D11-00A0C91BC942}") = "VideoCtrl", "..\AV\VideoCtrl\VideoCtrl.vcproj", "{6F42CBBA-80E6-4C64-80EB-7B2779FB093C}"
EndProject
Project("{54435603-DBB4-11D2-8724-00A0C9A8B90C}") = "中国象棋安装", "中国象棋安装\中国象棋安装.vdproj", "{F7E52A7A-0922-4D8C-9F6C-133199DB722A}"
EndProject
Global
	GlobalSection(SolutionConfigurationPlatforms) = preSolution
		Debug|Win32 = Debug|Win32
		Release|Win32 = Release|Win32
		Unicode Debug|Win32 = Unicode Debug|Win32
		Unicode Release|Win32 = Unicode Release|Win32
	EndGlobalSection
	GlobalSection(ProjectConfigurationPlatforms) = postSolution
		{FA4B2E59-5BE0-4449-B721-1EB5DF49D2AF}.Debug|Win32.ActiveCfg = Debug|Win32
		{FA4B2E59-5BE0-4449-B721-1EB5DF49D2AF}.Debug|Win32.Build.0 = Debug|Win32
		{FA4B2E59-5BE0-4449-B721-1EB5DF49D2AF}.Release|Win32.ActiveCfg = Release|Win32
		{FA4B2E59-5BE0-4449-B721-1EB5DF49D2AF}.Release|Win32.Build.0 = Release|Win32
		{FA4B2E59-5BE0-4449-B721-1EB5DF49D2AF}.Unicode Debug|Win32.ActiveCfg = Debug|Win32
		{FA4B2E59-5BE0-4449-B721-1EB5DF49D2AF}.Unicode Debug|Win32.Build.0 = Debug|Win32
		{FA4B2E59-5BE0-4449-B721-1EB5DF49D2AF}.Unicode Release|Win32.ActiveCfg = Release|Win32
		{FA4B2E59-5BE0-4449-B721-1EB5DF49D2AF}.Unicode Release|Win32.Build.0 = Release|Win32
		{C9A79660-3790-463B-9EEE-305F2838605A}.Debug|Win32.ActiveCfg = Debug|Win32
		{C9A79660-3790-463B-9EEE-305F2838605A}.Debug|Win32.Build.0 = Debug|Win32
		{C9A79660-3790-463B-9EEE-305F2838605A}.Release|Win32.ActiveCfg = Release|Win32
		{C9A79660-3790-463B-9EEE-305F2838605A}.Release|Win32.Build.0 = Release|Win32
		{C9A79660-3790-463B-9EEE-305F2838605A}.Unicode Debug|Win32.ActiveCfg = Debug|Win32
		{C9A79660-3790-463B-9EEE-305F2838605A}.Unicode Debug|Win32.Build.0 = Debug|Win32
		{C9A79660-3790-463B-9EEE-305F2838605A}.Unicode Release|Win32.ActiveCfg = Release|Win32
		{C9A79660-3790-463B-9EEE-305F2838605A}.Unicode Release|Win32.Build.0 = Release|Win32
		{7FCA6188-C7C6-479A-A8CD-EE1AE1BA7AF8}.Debug|Win32.ActiveCfg = Debug|Win32
		{7FCA6188-C7C6-479A-A8CD-EE1AE1BA7AF8}.Debug|Win32.Build.0 = Debug|Win32
		{7FCA6188-C7C6-479A-A8CD-EE1AE1BA7AF8}.Release|Win32.ActiveCfg = Release|Win32
		{7FCA6188-C7C6-479A-A8CD-EE1AE1BA7AF8}.Release|Win32.Build.0 = Release|Win32
		{7FCA6188-C7C6-479A-A8CD-EE1AE1BA7AF8}.Unicode Debug|Win32.ActiveCfg = Unicode Debug|Win32
		{7FCA6188-C7C6-479A-A8CD-EE1AE1BA7AF8}.Unicode Debug|Win32.Build.0 = Unicode Debug|Win32
		{7FCA6188-C7C6-479A-A8CD-EE1AE1BA7AF8}.Unicode Release|Win32.ActiveCfg = Unicode Release|Win32
		{7FCA6188-C7C6-479A-A8CD-EE1AE1BA7AF8}.Unicode Release|Win32.Build.0 = Unicode Release|Win32
		{8705DE5B-4945-4024-91ED-40D9683C29CD}.Debug|Win32.ActiveCfg = Debug|Win32
		{8705DE5B-4945-4024-91ED-40D9683C29CD}.Debug|Win32.Build.0 = Debug|Win32
		{8705DE5B-4945-4024-91ED-40D9683C29CD}.Release|Win32.ActiveCfg = Release|Win32
		{8705DE5B-4945-4024-91ED-40D9683C29CD}.Release|Win32.Build.0 = Release|Win32
		{8705DE5B-4945-4024-91ED-40D9683C29CD}.Unicode Debug|Win32.ActiveCfg = Unicode Debug|Win32
		{8705DE5B-4945-4024-91ED-40D9683C29CD}.Unicode Debug|Win32.Build.0 = Unicode Debug|Win32
		{8705DE5B-4945-4024-91ED-40D9683C29CD}.Unicode Release|Win32.ActiveCfg = Unicode Release|Win32
		{8705DE5B-4945-4024-91ED-40D9683C29CD}.Unicode Release|Win32.Build.0 = Unicode Release|Win32
		{6F42CBBA-80E6-4C64-80EB-7B2779FB093C}.Debug|Win32.ActiveCfg = Debug|Win32
		{6F42CBBA-80E6-4C64-80EB-7B2779FB093C}.Debug|Win32.Build.0 = Debug|Win32
		{6F42CBBA-80E6-4C64-80EB-7B2779FB093C}.Release|Win32.ActiveCfg = Release|Win32
		{6F42CBBA-80E6-4C64-80EB-7B2779FB093C}.Release|Win32.Build.0 = Release|Win32
		{6F42CBBA-80E6-4C64-80EB-7B2779FB093C}.Unicode Debug|Win32.ActiveCfg = Unicode Debug|Win32
		{6F42CBBA-80E6-4C64-80EB-7B2779FB093C}.Unicode Debug|Win32.Build.0 = Unicode Debug|Win32
		{6F42CBBA-80E6-4C64-80EB-7B2779FB093C}.Unicode Release|Win32.ActiveCfg = Unicode Release|Win32
		{6F42CBBA-80E6-4C64-80EB-7B2779FB093C}.Unicode Release|Win32.Build.0 = Unicode Release|Win32
		{F7E52A7A-0922-4D8C-9F6C-133199DB722A}.Debug|Win32.ActiveCfg = Debug
		{F7E52A7A-0922-4D8C-9F6C-133199DB722A}.Release|Win32.ActiveCfg = Release
		{F7E52A7A-0922-4D8C-9F6C-133199DB722A}.Unicode Debug|Win32.ActiveCfg = Debug
		{F7E52A7A-0922-4D8C-9F6C-133199DB722A}.Unicode Release|Win32.ActiveCfg = Release
	EndGlobalSection
	GlobalSection(SolutionProperties) = preSolution
		HideSolutionNode = FALSE
	EndGlobalSection
EndGlobal
