Microsoft Visual Studio Solution File, Format Version 8.00
Project("{8BC9CEB8-8B4A-11D0-8D11-00A0C91BC942}") = "SoundPrompt", "..\SoundPrompt\SoundPrompt.vcproj", "{CA445FD1-8D13-47D5-A2AB-EB8F3FF9FED3}"
	ProjectSection(ProjectDependencies) = postProject
	EndProjectSection
EndProject
Project("{8BC9CEB8-8B4A-11D0-8D11-00A0C91BC942}") = "WXXM", "WXXM.vcproj", "{3BD448CE-E3D6-4C25-9715-355477DD8F30}"
	ProjectSection(ProjectDependencies) = postProject
		{CA445FD1-8D13-47D5-A2AB-EB8F3FF9FED3} = {CA445FD1-8D13-47D5-A2AB-EB8F3FF9FED3}
	EndProjectSection
EndProject
Global
	GlobalSection(SolutionConfiguration) = preSolution
		Debug = Debug
		Release = Release
	EndGlobalSection
	GlobalSection(ProjectConfiguration) = postSolution
		{CA445FD1-8D13-47D5-A2AB-EB8F3FF9FED3}.Debug.ActiveCfg = Debug|Win32
		{CA445FD1-8D13-47D5-A2AB-EB8F3FF9FED3}.Debug.Build.0 = Debug|Win32
		{CA445FD1-8D13-47D5-A2AB-EB8F3FF9FED3}.Release.ActiveCfg = Release|Win32
		{CA445FD1-8D13-47D5-A2AB-EB8F3FF9FED3}.Release.Build.0 = Release|Win32
		{3BD448CE-E3D6-4C25-9715-355477DD8F30}.Debug.ActiveCfg = Debug|Win32
		{3BD448CE-E3D6-4C25-9715-355477DD8F30}.Debug.Build.0 = Debug|Win32
		{3BD448CE-E3D6-4C25-9715-355477DD8F30}.Release.ActiveCfg = Release|Win32
		{3BD448CE-E3D6-4C25-9715-355477DD8F30}.Release.Build.0 = Release|Win32
	EndGlobalSection
	GlobalSection(ExtensibilityGlobals) = postSolution
	EndGlobalSection
	GlobalSection(ExtensibilityAddIns) = postSolution
	EndGlobalSection
EndGlobal
